
Microsoft Visual Studio Solution File, Format Version 12.00
# Visual Studio Version 17
VisualStudioVersion = 17.8.34408.163
MinimumVisualStudioVersion = 10.0.40219.1
Project("{FAE04EC0-301F-11D3-BF4B-00C04F79EFBC}") = "Atividade2-POO", "Atividade2-POO\Atividade2-POO.csproj", "{D43B86A0-1E43-4DC9-B70B-6A030078B0D8}"
EndProject
Global
	GlobalSection(SolutionConfigurationPlatforms) = preSolution
		Debug|Any CPU = Debug|Any CPU
		Release|Any CPU = Release|Any CPU
	EndGlobalSection
	GlobalSection(ProjectConfigurationPlatforms) = postSolution
		{D43B86A0-1E43-4DC9-B70B-6A030078B0D8}.Debug|Any CPU.ActiveCfg = Debug|Any CPU
		{D43B86A0-1E43-4DC9-B70B-6A030078B0D8}.Debug|Any CPU.Build.0 = Debug|Any CPU
		{D43B86A0-1E43-4DC9-B70B-6A030078B0D8}.Release|Any CPU.ActiveCfg = Release|Any CPU
		{D43B86A0-1E43-4DC9-B70B-6A030078B0D8}.Release|Any CPU.Build.0 = Release|Any CPU
	EndGlobalSection
	GlobalSection(SolutionProperties) = preSolution
		HideSolutionNode = FALSE
	EndGlobalSection
	GlobalSection(ExtensibilityGlobals) = postSolution
		SolutionGuid = {42EE5065-C964-4FBF-9468-637E3339A1F1}
	EndGlobalSection
EndGlobal
